[[package]]
name = "grpcio"
version = "1.72.0"
description = "HTTP/2-based RPC framework"
category = "main"
optional = false
python-versions = ">=3.9"

[package.extras]
protobuf = ["grpcio-tools (>=1.72.0)"]

[[package]]
name = "grpcio-tools"
version = "1.72.0"
description = "Protobuf code generator for gRPC"
category = "main"
optional = false
python-versions = ">=3.9"

[package.dependencies]
grpcio = ">=1.72.0"
protobuf = ">=6.30.0,<7.0dev"

[[package]]
name = "protobuf"
version = "6.30.2"
description = ""
category = "main"
optional = false
python-versions = ">=3.9"

[metadata]
lock-version = "1.1"
python-versions = "^3.9"
content-hash = "19f59e6424128910e4759d7b796bb447e5f072c8bff0d7a1875d676e7e2e0dd2"

[metadata.files]
grpcio = []
grpcio-tools = []
protobuf = []
